
Microsoft Visual Studio Solution File, Format Version 12.00
# Visual Studio Version 17
VisualStudioVersion = 17.9.34714.143
MinimumVisualStudioVersion = 10.0.40219.1
Project("{FAE04EC0-301F-11D3-BF4B-00C04F79EFBC}") = "MudBlazor.StaticInput", "MudBlazor.StaticInput.csproj", "{C7C52FDB-F322-43E4-93E3-801C0C26D63C}"
EndProject
Global
	GlobalSection(SolutionConfigurationPlatforms) = preSolution
		Debug|Any CPU = Debug|Any CPU
		Release|Any CPU = Release|Any CPU
	EndGlobalSection
	GlobalSection(ProjectConfigurationPlatforms) = postSolution
		{C7C52FDB-F322-43E4-93E3-801C0C26D63C}.Debug|Any CPU.ActiveCfg = Debug|Any CPU
		{C7C52FDB-F322-43E4-93E3-801C0C26D63C}.Debug|Any CPU.Build.0 = Debug|Any CPU
		{C7C52FDB-F322-43E4-93E3-801C0C26D63C}.Release|Any CPU.ActiveCfg = Release|Any CPU
		{C7C52FDB-F322-43E4-93E3-801C0C26D63C}.Release|Any CPU.Build.0 = Release|Any CPU
	EndGlobalSection
	GlobalSection(SolutionProperties) = preSolution
		HideSolutionNode = FALSE
	EndGlobalSection
	GlobalSection(ExtensibilityGlobals) = postSolution
		SolutionGuid = {821197DC-CD64-4759-AE96-997D708CE31E}
	EndGlobalSection
EndGlobal
