
Microsoft Visual Studio Solution File, Format Version 12.00
# Visual Studio Version 17
VisualStudioVersion = 17.9.34616.47
MinimumVisualStudioVersion = 10.0.40219.1
Project("{9A19103F-16F7-4668-BE54-9A1E7A4F7556}") = "StaticSample", "StaticSample\StaticSample.csproj", "{B41C9793-9541-4349-93F5-3C35C99CE3D5}"
EndProject
Project("{9A19103F-16F7-4668-BE54-9A1E7A4F7556}") = "StaticSample.Client", "StaticSample.Client\StaticSample.Client.csproj", "{19F44995-2CDE-40BD-A960-987BC08D24C8}"
EndProject
Global
	GlobalSection(SolutionConfigurationPlatforms) = preSolution
		Debug|Any CPU = Debug|Any CPU
		Release|Any CPU = Release|Any CPU
	EndGlobalSection
	GlobalSection(ProjectConfigurationPlatforms) = postSolution
		{B41C9793-9541-4349-93F5-3C35C99CE3D5}.Debug|Any CPU.ActiveCfg = Debug|Any CPU
		{B41C9793-9541-4349-93F5-3C35C99CE3D5}.Debug|Any CPU.Build.0 = Debug|Any CPU
		{B41C9793-9541-4349-93F5-3C35C99CE3D5}.Release|Any CPU.ActiveCfg = Release|Any CPU
		{B41C9793-9541-4349-93F5-3C35C99CE3D5}.Release|Any CPU.Build.0 = Release|Any CPU
		{19F44995-2CDE-40BD-A960-987BC08D24C8}.Debug|Any CPU.ActiveCfg = Debug|Any CPU
		{19F44995-2CDE-40BD-A960-987BC08D24C8}.Debug|Any CPU.Build.0 = Debug|Any CPU
		{19F44995-2CDE-40BD-A960-987BC08D24C8}.Release|Any CPU.ActiveCfg = Release|Any CPU
		{19F44995-2CDE-40BD-A960-987BC08D24C8}.Release|Any CPU.Build.0 = Release|Any CPU
	EndGlobalSection
	GlobalSection(SolutionProperties) = preSolution
		HideSolutionNode = FALSE
	EndGlobalSection
	GlobalSection(ExtensibilityGlobals) = postSolution
		SolutionGuid = {B7600AD2-ABA2-4EAC-B229-7DDFFED2B4DC}
	EndGlobalSection
EndGlobal
